
Microsoft Visual Studio Solution File, Format Version 12.00
# Visual Studio Version 17
VisualStudioVersion = 17.0.31903.59
MinimumVisualStudioVersion = 10.0.40219.1
Project("{FAE04EC0-301F-11D3-BF4B-00C04F79EFBC}") = "FtpClient", "FtpClient\FtpClient.csproj", "{28DFFB1F-37D1-4ECC-8A68-B54BDA00FEAD}"
EndProject
Global
	GlobalSection(SolutionConfigurationPlatforms) = preSolution
		Debug|Any CPU = Debug|Any CPU
		Release|Any CPU = Release|Any CPU
	EndGlobalSection
	GlobalSection(ProjectConfigurationPlatforms) = postSolution
		{28DFFB1F-37D1-4ECC-8A68-B54BDA00FEAD}.Debug|Any CPU.ActiveCfg = Debug|Any CPU
		{28DFFB1F-37D1-4ECC-8A68-B54BDA00FEAD}.Debug|Any CPU.Build.0 = Debug|Any CPU
		{28DFFB1F-37D1-4ECC-8A68-B54BDA00FEAD}.Release|Any CPU.ActiveCfg = Release|Any CPU
		{28DFFB1F-37D1-4ECC-8A68-B54BDA00FEAD}.Release|Any CPU.Build.0 = Release|Any CPU
	EndGlobalSection
	GlobalSection(SolutionProperties) = preSolution
		HideSolutionNode = FALSE
	EndGlobalSection
	GlobalSection(ExtensibilityGlobals) = postSolution
		SolutionGuid = {581547AF-5547-4689-9DAF-37B08333A312}
	EndGlobalSection
EndGlobal
